
Microsoft Visual Studio Solution File, Format Version 12.00
Project("{FAE04EC0-301F-11D3-BF4B-00C04F79EFBC}") = "Sender", "Sender\Sender.csproj", "{36C06E91-A0FB-4839-A88A-B97C75346E75}"
EndProject
Project("{FAE04EC0-301F-11D3-BF4B-00C04F79EFBC}") = "ClientReceiver", "ClientReceiver\ClientReceiver.csproj", "{479739B3-6B36-448F-9686-D628C8F67557}"
EndProject
Global
	GlobalSection(SolutionConfigurationPlatforms) = preSolution
		Debug|Any CPU = Debug|Any CPU
		Release|Any CPU = Release|Any CPU
	EndGlobalSection
	GlobalSection(ProjectConfigurationPlatforms) = postSolution
		{36C06E91-A0FB-4839-A88A-B97C75346E75}.Debug|Any CPU.ActiveCfg = Debug|Any CPU
		{36C06E91-A0FB-4839-A88A-B97C75346E75}.Debug|Any CPU.Build.0 = Debug|Any CPU
		{36C06E91-A0FB-4839-A88A-B97C75346E75}.Release|Any CPU.ActiveCfg = Release|Any CPU
		{36C06E91-A0FB-4839-A88A-B97C75346E75}.Release|Any CPU.Build.0 = Release|Any CPU
		{479739B3-6B36-448F-9686-D628C8F67557}.Debug|Any CPU.ActiveCfg = Debug|Any CPU
		{479739B3-6B36-448F-9686-D628C8F67557}.Debug|Any CPU.Build.0 = Debug|Any CPU
		{479739B3-6B36-448F-9686-D628C8F67557}.Release|Any CPU.ActiveCfg = Release|Any CPU
		{479739B3-6B36-448F-9686-D628C8F67557}.Release|Any CPU.Build.0 = Release|Any CPU
	EndGlobalSection
EndGlobal
