
Microsoft Visual Studio Solution File, Format Version 12.00
# Visual Studio Version 16
VisualStudioVersion = 16.0.31129.286
MinimumVisualStudioVersion = 10.0.40219.1
Project("{9A19103F-16F7-4668-BE54-9A1E7A4F7556}") = "Client", "Client\Client.csproj", "{A1BEA2EC-C38E-4B95-A90B-EBFC48FB204D}"
EndProject
Project("{9A19103F-16F7-4668-BE54-9A1E7A4F7556}") = "Server", "Server\Server.csproj", "{C6CA962B-004C-4464-9AE1-D1BC9C68DFA9}"
EndProject
Global
	GlobalSection(SolutionConfigurationPlatforms) = preSolution
		Debug|Any CPU = Debug|Any CPU
		Release|Any CPU = Release|Any CPU
	EndGlobalSection
	GlobalSection(ProjectConfigurationPlatforms) = postSolution
		{A1BEA2EC-C38E-4B95-A90B-EBFC48FB204D}.Debug|Any CPU.ActiveCfg = Debug|Any CPU
		{A1BEA2EC-C38E-4B95-A90B-EBFC48FB204D}.Debug|Any CPU.Build.0 = Debug|Any CPU
		{A1BEA2EC-C38E-4B95-A90B-EBFC48FB204D}.Release|Any CPU.ActiveCfg = Release|Any CPU
		{A1BEA2EC-C38E-4B95-A90B-EBFC48FB204D}.Release|Any CPU.Build.0 = Release|Any CPU
		{C6CA962B-004C-4464-9AE1-D1BC9C68DFA9}.Debug|Any CPU.ActiveCfg = Debug|Any CPU
		{C6CA962B-004C-4464-9AE1-D1BC9C68DFA9}.Debug|Any CPU.Build.0 = Debug|Any CPU
		{C6CA962B-004C-4464-9AE1-D1BC9C68DFA9}.Release|Any CPU.ActiveCfg = Release|Any CPU
		{C6CA962B-004C-4464-9AE1-D1BC9C68DFA9}.Release|Any CPU.Build.0 = Release|Any CPU
	EndGlobalSection
	GlobalSection(SolutionProperties) = preSolution
		HideSolutionNode = FALSE
	EndGlobalSection
	GlobalSection(ExtensibilityGlobals) = postSolution
		SolutionGuid = {B80EBF51-C160-4BB7-B3A6-A593B397CDC4}
	EndGlobalSection
EndGlobal
